
Microsoft Visual Studio Solution File, Format Version 12.00
Project("{FAE04EC0-301F-11D3-BF4B-00C04F79EFBC}") = "InversedMatrix_ver3", "InversedMatrix_ver3\InversedMatrix_ver3.csproj", "{F847498E-4715-4CB8-9ECB-E92404B1DCCB}"
EndProject
Global
	GlobalSection(SolutionConfigurationPlatforms) = preSolution
		Debug|Any CPU = Debug|Any CPU
		Release|Any CPU = Release|Any CPU
	EndGlobalSection
	GlobalSection(ProjectConfigurationPlatforms) = postSolution
		{F847498E-4715-4CB8-9ECB-E92404B1DCCB}.Debug|Any CPU.ActiveCfg = Debug|Any CPU
		{F847498E-4715-4CB8-9ECB-E92404B1DCCB}.Debug|Any CPU.Build.0 = Debug|Any CPU
		{F847498E-4715-4CB8-9ECB-E92404B1DCCB}.Release|Any CPU.ActiveCfg = Release|Any CPU
		{F847498E-4715-4CB8-9ECB-E92404B1DCCB}.Release|Any CPU.Build.0 = Release|Any CPU
	EndGlobalSection
EndGlobal
